# This file is generated by running "yarn install" inside your project.
# Manual changes might be lost - proceed with caution!

__metadata:
  version: 6
  cacheKey: 8

"@ds-pack/components@npm:*":
  version: 1.0.11
  resolution: "@ds-pack/components@npm:1.0.11"
  peerDependencies:
    "@ds-pack/use-refs": "*"
    "@vanilla-extract/css": ^1.6.8
    "@vanilla-extract/dynamic": ^2.0.2
    nanopop: ^2
    rainbow-sprinkles: ^0.12
    react: "*"
    react-dom: "*"
  checksum: af02e88d519831f66acf8d4fdcf1a8e9f060d67d908878da8ad60be8f565c0d503c287f0cd200e15d45a5ffb6b808c5200f3ed4ba4adf06dc01754fdefed007a
  languageName: node
  linkType: hard

"@ds-pack/use-refs@npm:*":
  version: 1.0.0
  resolution: "@ds-pack/use-refs@npm:1.0.0"
  peerDependencies:
    react: "*"
  checksum: 7a91ca5cc90f5ae84ca6fc3dd878736b1c25022234987c31c18f2456e7b0b69403df91550cca1c0d25025e551f4dce19bb1bf57130bbdef34cd2a9e1402ab2a1
  languageName: node
  linkType: hard

"@next/env@npm:13.0.8-canary.3":
  version: 13.0.8-canary.3
  resolution: "@next/env@npm:13.0.8-canary.3"
  checksum: 4477f4944ac7c5417166ae824beb9a46167a60dc5c7647b22826862c019492d8139eeb1a6bca684e5f39126e4107215b96fa17d3752994927be0300f73788ada
  languageName: node
  linkType: hard

"@next/swc-android-arm-eabi@npm:13.0.8-canary.3":
  version: 13.0.8-canary.3
  resolution: "@next/swc-android-arm-eabi@npm:13.0.8-canary.3"
  conditions: os=android & cpu=arm
  languageName: node
  linkType: hard

"@next/swc-android-arm64@npm:13.0.8-canary.3":
  version: 13.0.8-canary.3
  resolution: "@next/swc-android-arm64@npm:13.0.8-canary.3"
  conditions: os=android & cpu=arm64
  languageName: node
  linkType: hard

"@next/swc-darwin-arm64@npm:13.0.8-canary.3":
  version: 13.0.8-canary.3
  resolution: "@next/swc-darwin-arm64@npm:13.0.8-canary.3"
  conditions: os=darwin & cpu=arm64
  languageName: node
  linkType: hard

"@next/swc-darwin-x64@npm:13.0.8-canary.3":
  version: 13.0.8-canary.3
  resolution: "@next/swc-darwin-x64@npm:13.0.8-canary.3"
  conditions: os=darwin & cpu=x64
  languageName: node
  linkType: hard

"@next/swc-freebsd-x64@npm:13.0.8-canary.3":
  version: 13.0.8-canary.3
  resolution: "@next/swc-freebsd-x64@npm:13.0.8-canary.3"
  conditions: os=freebsd & cpu=x64
  languageName: node
  linkType: hard

"@next/swc-linux-arm-gnueabihf@npm:13.0.8-canary.3":
  version: 13.0.8-canary.3
  resolution: "@next/swc-linux-arm-gnueabihf@npm:13.0.8-canary.3"
  conditions: os=linux & cpu=arm
  languageName: node
  linkType: hard

"@next/swc-linux-arm64-gnu@npm:13.0.8-canary.3":
  version: 13.0.8-canary.3
  resolution: "@next/swc-linux-arm64-gnu@npm:13.0.8-canary.3"
  conditions: os=linux & cpu=arm64 & libc=glibc
  languageName: node
  linkType: hard

"@next/swc-linux-arm64-musl@npm:13.0.8-canary.3":
  version: 13.0.8-canary.3
  resolution: "@next/swc-linux-arm64-musl@npm:13.0.8-canary.3"
  conditions: os=linux & cpu=arm64 & libc=musl
  languageName: node
  linkType: hard

"@next/swc-linux-x64-gnu@npm:13.0.8-canary.3":
  version: 13.0.8-canary.3
  resolution: "@next/swc-linux-x64-gnu@npm:13.0.8-canary.3"
  conditions: os=linux & cpu=x64 & libc=glibc
  languageName: node
  linkType: hard

"@next/swc-linux-x64-musl@npm:13.0.8-canary.3":
  version: 13.0.8-canary.3
  resolution: "@next/swc-linux-x64-musl@npm:13.0.8-canary.3"
  conditions: os=linux & cpu=x64 & libc=musl
  languageName: node
  linkType: hard

"@next/swc-win32-arm64-msvc@npm:13.0.8-canary.3":
  version: 13.0.8-canary.3
  resolution: "@next/swc-win32-arm64-msvc@npm:13.0.8-canary.3"
  conditions: os=win32 & cpu=arm64
  languageName: node
  linkType: hard

"@next/swc-win32-ia32-msvc@npm:13.0.8-canary.3":
  version: 13.0.8-canary.3
  resolution: "@next/swc-win32-ia32-msvc@npm:13.0.8-canary.3"
  conditions: os=win32 & cpu=ia32
  languageName: node
  linkType: hard

"@next/swc-win32-x64-msvc@npm:13.0.8-canary.3":
  version: 13.0.8-canary.3
  resolution: "@next/swc-win32-x64-msvc@npm:13.0.8-canary.3"
  conditions: os=win32 & cpu=x64
  languageName: node
  linkType: hard

"@swc/helpers@npm:0.4.14":
  version: 0.4.14
  resolution: "@swc/helpers@npm:0.4.14"
  dependencies:
    tslib: ^2.4.0
  checksum: 273fd3f3fc461a92f3790cc551ea054745c6d6959afbe1232e6d7aa1c722bbc114d308aab96bef5c78fc0303c85c7b472ef00e2253251cc89737f3b1af56e5a5
  languageName: node
  linkType: hard

"@types/node@npm:>=8.0.0 <15":
  version: 14.18.35
  resolution: "@types/node@npm:14.18.35"
  checksum: edaeea2735aa62a12b9f67311ef6efdb960560e055dc127a658b3571e0bbd52e020bd570227362bf255cd156ddfae18c18205515f1fb3599e34c06a914f167a1
  languageName: node
  linkType: hard

"@types/node@npm:^16.11.36":
  version: 16.18.10
  resolution: "@types/node@npm:16.18.10"
  checksum: 1b138616923e9a1c6d3806edf75714b605d2ec689357cdc675bc73816c508ff11b3c68df054b02a496c76654d8ed53add2e90816af39423431c73aa6eec06f29
  languageName: node
  linkType: hard

"@types/prop-types@npm:*":
  version: 15.7.5
  resolution: "@types/prop-types@npm:15.7.5"
  checksum: 5b43b8b15415e1f298243165f1d44390403bb2bd42e662bca3b5b5633fdd39c938e91b7fce3a9483699db0f7a715d08cef220c121f723a634972fdf596aec980
  languageName: node
  linkType: hard

"@types/react-dom@npm:^18.0.4":
  version: 18.0.9
  resolution: "@types/react-dom@npm:18.0.9"
  dependencies:
    "@types/react": "*"
  checksum: e744e3feba25fc43733289d4df4d9c0e59fcca7f34e8c89d75f81a339accb2bd70236d69382d47d2c0ad06a1529b2e56aa6171fe175854d60e07156ddceedfcb
  languageName: node
  linkType: hard

"@types/react@npm:*, @types/react@npm:^18.0.9":
  version: 18.0.26
  resolution: "@types/react@npm:18.0.26"
  dependencies:
    "@types/prop-types": "*"
    "@types/scheduler": "*"
    csstype: ^3.0.2
  checksum: b62f0ea3cdfa68e106391728325057ad36f1bde7ba2dfae029472c47e01e482bc77c6ba4f1dad59f3f04ee81cb597618ff7c30a33c157c0a20462b6dd6aa2d4d
  languageName: node
  linkType: hard

"@types/scheduler@npm:*":
  version: 0.16.2
  resolution: "@types/scheduler@npm:0.16.2"
  checksum: b6b4dcfeae6deba2e06a70941860fb1435730576d3689225a421280b7742318d1548b3d22c1f66ab68e414f346a9542f29240bc955b6332c5b11e561077583bc
  languageName: node
  linkType: hard

"abort-controller@npm:^3.0.0":
  version: 3.0.0
  resolution: "abort-controller@npm:3.0.0"
  dependencies:
    event-target-shim: ^5.0.0
  checksum: 170bdba9b47b7e65906a28c8ce4f38a7a369d78e2271706f020849c1bfe0ee2067d4261df8bbb66eb84f79208fd5b710df759d64191db58cfba7ce8ef9c54b75
  languageName: node
  linkType: hard

"abortcontroller-polyfill@npm:^1.4.0":
  version: 1.7.5
  resolution: "abortcontroller-polyfill@npm:1.7.5"
  checksum: daf4169f4228ae0e4f4dbcfa782e501b923667f2666b7c55bd3b7664e5d6b100e333a93371173985fdf21f65d7dfba15bdb2e6031bdc9e57e4ce0297147da3aa
  languageName: node
  linkType: hard

"airtable@npm:0.11.1":
  version: 0.11.1
  resolution: "airtable@npm:0.11.1"
  dependencies:
    "@types/node": ">=8.0.0 <15"
    abort-controller: ^3.0.0
    abortcontroller-polyfill: ^1.4.0
    lodash: ^4.17.21
    node-fetch: ^2.6.1
  checksum: dfeddbd0ff79c321e15fb0b4d260dbc52155999aae1bc3be624dd98903f31b1317baa94af811dcbe14c18acf96797e1a4e91a9943cfecb21c8b3839976b04988
  languageName: node
  linkType: hard

"blog@workspace:.":
  version: 0.0.0-use.local
  resolution: "blog@workspace:."
  dependencies:
    "@ds-pack/components": "*"
    "@ds-pack/use-refs": "*"
    "@types/node": ^16.11.36
    "@types/react": ^18.0.9
    "@types/react-dom": ^18.0.4
    airtable: 0.11.1
    nanopop: 2.1.0
    next: canary
    prism-react-renderer: 1.2.1
    rainbow-sprinkles: "*"
    react: experimental
    react-dom: experimental
  languageName: unknown
  linkType: soft

"caniuse-lite@npm:^1.0.30001406":
  version: 1.0.30001441
  resolution: "caniuse-lite@npm:1.0.30001441"
  checksum: 0f5aa8f7ea4d165e88e0d1eaa44564c5bfee66641f265a1fd959e74f0a7e6bc0207db6c28e2fb63dc8b2cd23e0e3cee06c4f372de11c93c57ff5ff4207962c3f
  languageName: node
  linkType: hard

"client-only@npm:0.0.1":
  version: 0.0.1
  resolution: "client-only@npm:0.0.1"
  checksum: 0c16bf660dadb90610553c1d8946a7fdfb81d624adea073b8440b7d795d5b5b08beb3c950c6a2cf16279365a3265158a236876d92bce16423c485c322d7dfaf8
  languageName: node
  linkType: hard

"csstype@npm:^3.0.2":
  version: 3.1.1
  resolution: "csstype@npm:3.1.1"
  checksum: 1f7b4f5fdd955b7444b18ebdddf3f5c699159f13e9cf8ac9027ae4a60ae226aef9bbb14a6e12ca7dba3358b007cee6354b116e720262867c398de6c955ea451d
  languageName: node
  linkType: hard

"event-target-shim@npm:^5.0.0":
  version: 5.0.1
  resolution: "event-target-shim@npm:5.0.1"
  checksum: 1ffe3bb22a6d51bdeb6bf6f7cf97d2ff4a74b017ad12284cc9e6a279e727dc30a5de6bb613e5596ff4dc3e517841339ad09a7eec44266eccb1aa201a30448166
  languageName: node
  linkType: hard

"js-tokens@npm:^3.0.0 || ^4.0.0":
  version: 4.0.0
  resolution: "js-tokens@npm:4.0.0"
  checksum: 8a95213a5a77deb6cbe94d86340e8d9ace2b93bc367790b260101d2f36a2eaf4e4e22d9fa9cf459b38af3a32fb4190e638024cf82ec95ef708680e405ea7cc78
  languageName: node
  linkType: hard

"lodash@npm:^4.17.21":
  version: 4.17.21
  resolution: "lodash@npm:4.17.21"
  checksum: eb835a2e51d381e561e508ce932ea50a8e5a68f4ebdd771ea240d3048244a8d13658acbd502cd4829768c56f2e16bdd4340b9ea141297d472517b83868e677f7
  languageName: node
  linkType: hard

"loose-envify@npm:^1.1.0":
  version: 1.4.0
  resolution: "loose-envify@npm:1.4.0"
  dependencies:
    js-tokens: ^3.0.0 || ^4.0.0
  bin:
    loose-envify: cli.js
  checksum: 6517e24e0cad87ec9888f500c5b5947032cdfe6ef65e1c1936a0c48a524b81e65542c9c3edc91c97d5bddc806ee2a985dbc79be89215d613b1de5db6d1cfe6f4
  languageName: node
  linkType: hard

"nanoid@npm:^3.3.4":
  version: 3.3.4
  resolution: "nanoid@npm:3.3.4"
  bin:
    nanoid: bin/nanoid.cjs
  checksum: 2fddd6dee994b7676f008d3ffa4ab16035a754f4bb586c61df5a22cf8c8c94017aadd360368f47d653829e0569a92b129979152ff97af23a558331e47e37cd9c
  languageName: node
  linkType: hard

"nanopop@npm:2.1.0":
  version: 2.1.0
  resolution: "nanopop@npm:2.1.0"
  checksum: 2fb2a7e5a36220becf73245d23f80a728e95039412562da51114d4e5feb9a29f16bfae00769f5677531805344e69a2d6c519697c2ed9ce8f67ae22ad817cdf85
  languageName: node
  linkType: hard

"next@npm:canary":
  version: 13.0.8-canary.3
  resolution: "next@npm:13.0.8-canary.3"
  dependencies:
    "@next/env": 13.0.8-canary.3
    "@next/swc-android-arm-eabi": 13.0.8-canary.3
    "@next/swc-android-arm64": 13.0.8-canary.3
    "@next/swc-darwin-arm64": 13.0.8-canary.3
    "@next/swc-darwin-x64": 13.0.8-canary.3
    "@next/swc-freebsd-x64": 13.0.8-canary.3
    "@next/swc-linux-arm-gnueabihf": 13.0.8-canary.3
    "@next/swc-linux-arm64-gnu": 13.0.8-canary.3
    "@next/swc-linux-arm64-musl": 13.0.8-canary.3
    "@next/swc-linux-x64-gnu": 13.0.8-canary.3
    "@next/swc-linux-x64-musl": 13.0.8-canary.3
    "@next/swc-win32-arm64-msvc": 13.0.8-canary.3
    "@next/swc-win32-ia32-msvc": 13.0.8-canary.3
    "@next/swc-win32-x64-msvc": 13.0.8-canary.3
    "@swc/helpers": 0.4.14
    caniuse-lite: ^1.0.30001406
    postcss: 8.4.14
    styled-jsx: 5.1.1
  peerDependencies:
    fibers: ">= 3.1.0"
    node-sass: ^6.0.0 || ^7.0.0
    react: ^18.2.0
    react-dom: ^18.2.0
    sass: ^1.3.0
  dependenciesMeta:
    "@next/swc-android-arm-eabi":
      optional: true
    "@next/swc-android-arm64":
      optional: true
    "@next/swc-darwin-arm64":
      optional: true
    "@next/swc-darwin-x64":
      optional: true
    "@next/swc-freebsd-x64":
      optional: true
    "@next/swc-linux-arm-gnueabihf":
      optional: true
    "@next/swc-linux-arm64-gnu":
      optional: true
    "@next/swc-linux-arm64-musl":
      optional: true
    "@next/swc-linux-x64-gnu":
      optional: true
    "@next/swc-linux-x64-musl":
      optional: true
    "@next/swc-win32-arm64-msvc":
      optional: true
    "@next/swc-win32-ia32-msvc":
      optional: true
    "@next/swc-win32-x64-msvc":
      optional: true
  peerDependenciesMeta:
    fibers:
      optional: true
    node-sass:
      optional: true
    sass:
      optional: true
  bin:
    next: dist/bin/next
  checksum: 4c0a9537738bd7dbbf1ad4277c53c804e4fa87464f3e93aa13d1ed89d4b173db7cceca0d68aa81497292830db4ba48ca5aa732d0d45f46afb8e493f0551f6468
  languageName: node
  linkType: hard

"node-fetch@npm:^2.6.1":
  version: 2.6.7
  resolution: "node-fetch@npm:2.6.7"
  dependencies:
    whatwg-url: ^5.0.0
  peerDependencies:
    encoding: ^0.1.0
  peerDependenciesMeta:
    encoding:
      optional: true
  checksum: 8d816ffd1ee22cab8301c7756ef04f3437f18dace86a1dae22cf81db8ef29c0bf6655f3215cb0cdb22b420b6fe141e64b26905e7f33f9377a7fa59135ea3e10b
  languageName: node
  linkType: hard

"picocolors@npm:^1.0.0":
  version: 1.0.0
  resolution: "picocolors@npm:1.0.0"
  checksum: a2e8092dd86c8396bdba9f2b5481032848525b3dc295ce9b57896f931e63fc16f79805144321f72976383fc249584672a75cc18d6777c6b757603f372f745981
  languageName: node
  linkType: hard

"postcss@npm:8.4.14":
  version: 8.4.14
  resolution: "postcss@npm:8.4.14"
  dependencies:
    nanoid: ^3.3.4
    picocolors: ^1.0.0
    source-map-js: ^1.0.2
  checksum: fe58766ff32e4becf65a7d57678995cfd239df6deed2fe0557f038b47c94e4132e7e5f68b5aa820c13adfec32e523b693efaeb65798efb995ce49ccd83953816
  languageName: node
  linkType: hard

"prism-react-renderer@npm:1.2.1":
  version: 1.2.1
  resolution: "prism-react-renderer@npm:1.2.1"
  peerDependencies:
    react: ">=0.14.9"
  checksum: 66cab3d9f9f18ff5db222df74e1f326262ad093202f855ef2bd9e8001fef21b92f2242a2292caa77c36a517a7f379620417b421eaa320405deb6ecb27c18ee5e
  languageName: node
  linkType: hard

"rainbow-sprinkles@npm:*":
  version: 0.15.1
  resolution: "rainbow-sprinkles@npm:0.15.1"
  peerDependencies:
    "@vanilla-extract/css": ^1
    "@vanilla-extract/dynamic": ^2
  checksum: 29d9b19444a230739097016e11b79f0d2dc584ffa507095dccb6bb058c35752def3f9c22f7fb224af9122b50bef2b8ac4dbd9f18f19cfa51b8533fb2979815b1
  languageName: node
  linkType: hard

"react-dom@npm:experimental":
  version: 0.0.0-experimental-2b1fb91a5-20221220
  resolution: "react-dom@npm:0.0.0-experimental-2b1fb91a5-20221220"
  dependencies:
    loose-envify: ^1.1.0
    scheduler: 0.0.0-experimental-2b1fb91a5-20221220
  peerDependencies:
    react: 0.0.0-experimental-2b1fb91a5-20221220
  checksum: 0241bee73afad4c57ca1f4a5afcce611fb70f3190bae6ce03c0fcc30ae0258e019247a37738c2d170bcd1b923994044a19fbc8968d600f56721ad96be94bc3b0
  languageName: node
  linkType: hard

"react@npm:experimental":
  version: 0.0.0-experimental-2b1fb91a5-20221220
  resolution: "react@npm:0.0.0-experimental-2b1fb91a5-20221220"
  dependencies:
    loose-envify: ^1.1.0
  checksum: 7c2f407ac22b336285a89643bbbaf08e72d7329ca4596cfe272f6af9275031d7aea135b114fa07430ac1a3a43422b909a93fbc329b6e08be9524bab0eaa17a5c
  languageName: node
  linkType: hard

"scheduler@npm:0.0.0-experimental-2b1fb91a5-20221220":
  version: 0.0.0-experimental-2b1fb91a5-20221220
  resolution: "scheduler@npm:0.0.0-experimental-2b1fb91a5-20221220"
  dependencies:
    loose-envify: ^1.1.0
  checksum: e76948135a5243d3453065535eafe89a825c35b4effb0d5ca186917ec3515bff4dffaaec70eb78af274309c9c785503cda6cfaa18052ee98224e4d65f34083f8
  languageName: node
  linkType: hard

"source-map-js@npm:^1.0.2":
  version: 1.0.2
  resolution: "source-map-js@npm:1.0.2"
  checksum: c049a7fc4deb9a7e9b481ae3d424cc793cb4845daa690bc5a05d428bf41bf231ced49b4cf0c9e77f9d42fdb3d20d6187619fc586605f5eabe995a316da8d377c
  languageName: node
  linkType: hard

"styled-jsx@npm:5.1.1":
  version: 5.1.1
  resolution: "styled-jsx@npm:5.1.1"
  dependencies:
    client-only: 0.0.1
  peerDependencies:
    react: ">= 16.8.0 || 17.x.x || ^18.0.0-0"
  peerDependenciesMeta:
    "@babel/core":
      optional: true
    babel-plugin-macros:
      optional: true
  checksum: 523a33b38603492547e861b98e29c873939b04e15fbe5ef16132c6f1e15958126647983c7d4675325038b428a5e91183d996e90141b18bdd1bbadf6e2c45b2fa
  languageName: node
  linkType: hard

"tr46@npm:~0.0.3":
  version: 0.0.3
  resolution: "tr46@npm:0.0.3"
  checksum: 726321c5eaf41b5002e17ffbd1fb7245999a073e8979085dacd47c4b4e8068ff5777142fc6726d6ca1fd2ff16921b48788b87225cbc57c72636f6efa8efbffe3
  languageName: node
  linkType: hard

"tslib@npm:^2.4.0":
  version: 2.4.1
  resolution: "tslib@npm:2.4.1"
  checksum: 19480d6e0313292bd6505d4efe096a6b31c70e21cf08b5febf4da62e95c265c8f571f7b36fcc3d1a17e068032f59c269fab3459d6cd3ed6949eafecf64315fca
  languageName: node
  linkType: hard

"webidl-conversions@npm:^3.0.0":
  version: 3.0.1
  resolution: "webidl-conversions@npm:3.0.1"
  checksum: c92a0a6ab95314bde9c32e1d0a6dfac83b578f8fa5f21e675bc2706ed6981bc26b7eb7e6a1fab158e5ce4adf9caa4a0aee49a52505d4d13c7be545f15021b17c
  languageName: node
  linkType: hard

"whatwg-url@npm:^5.0.0":
  version: 5.0.0
  resolution: "whatwg-url@npm:5.0.0"
  dependencies:
    tr46: ~0.0.3
    webidl-conversions: ^3.0.0
  checksum: b8daed4ad3356cc4899048a15b2c143a9aed0dfae1f611ebd55073310c7b910f522ad75d727346ad64203d7e6c79ef25eafd465f4d12775ca44b90fa82ed9e2c
  languageName: node
  linkType: hard
